
Microsoft Visual Studio Solution File, Format Version 12.00
# Visual Studio Version 17
VisualStudioVersion = 17.4.33213.308
MinimumVisualStudioVersion = 10.0.40219.1
Project("{FAE04EC0-301F-11D3-BF4B-00C04F79EFBC}") = "Survey.WebApi", "Survey.WebApi\Survey.WebApi.csproj", "{668248F9-5E27-414D-A865-CEE85434F546}"
EndProject
Global
	GlobalSection(SolutionConfigurationPlatforms) = preSolution
		Debug|Any CPU = Debug|Any CPU
		Release|Any CPU = Release|Any CPU
	EndGlobalSection
	GlobalSection(ProjectConfigurationPlatforms) = postSolution
		{668248F9-5E27-414D-A865-CEE85434F546}.Debug|Any CPU.ActiveCfg = Debug|Any CPU
		{668248F9-5E27-414D-A865-CEE85434F546}.Debug|Any CPU.Build.0 = Debug|Any CPU
		{668248F9-5E27-414D-A865-CEE85434F546}.Release|Any CPU.ActiveCfg = Release|Any CPU
		{668248F9-5E27-414D-A865-CEE85434F546}.Release|Any CPU.Build.0 = Release|Any CPU
	EndGlobalSection
	GlobalSection(SolutionProperties) = preSolution
		HideSolutionNode = FALSE
	EndGlobalSection
	GlobalSection(ExtensibilityGlobals) = postSolution
		SolutionGuid = {AA6BF329-625F-4C80-ABE7-4C2C07676ABC}
	EndGlobalSection
EndGlobal
